
Microsoft Visual Studio Solution File, Format Version 12.00
# Visual Studio Version 16
VisualStudioVersion = 16.0.29123.88
MinimumVisualStudioVersion = 10.0.40219.1
Project("{FAE04EC0-301F-11D3-BF4B-00C04F79EFBC}") = "serwer", "serwer.csproj", "{3C6A39E6-378E-431A-97B6-E531E9B6E51E}"
EndProject
Global
	GlobalSection(SolutionConfigurationPlatforms) = preSolution
		Debug|Any CPU = Debug|Any CPU
		Release|Any CPU = Release|Any CPU
	EndGlobalSection
	GlobalSection(ProjectConfigurationPlatforms) = postSolution
		{3C6A39E6-378E-431A-97B6-E531E9B6E51E}.Debug|Any CPU.ActiveCfg = Debug|Any CPU
		{3C6A39E6-378E-431A-97B6-E531E9B6E51E}.Debug|Any CPU.Build.0 = Debug|Any CPU
		{3C6A39E6-378E-431A-97B6-E531E9B6E51E}.Release|Any CPU.ActiveCfg = Release|Any CPU
		{3C6A39E6-378E-431A-97B6-E531E9B6E51E}.Release|Any CPU.Build.0 = Release|Any CPU
	EndGlobalSection
	GlobalSection(SolutionProperties) = preSolution
		HideSolutionNode = FALSE
	EndGlobalSection
	GlobalSection(ExtensibilityGlobals) = postSolution
		SolutionGuid = {3293ACAC-9BBF-4748-B675-4E048991556F}
	EndGlobalSection
EndGlobal
